
Microsoft Visual Studio Solution File, Format Version 12.00
# Visual Studio Version 17
VisualStudioVersion = 17.2.32616.157
MinimumVisualStudioVersion = 10.0.40219.1
Project("{FAE04EC0-301F-11D3-BF4B-00C04F79EFBC}") = "Ion", "Ion\Ion.csproj", "{7D0D92E0-A44E-4B5C-82D7-2DF8DB4AA872}"
EndProject
Global
	GlobalSection(SolutionConfigurationPlatforms) = preSolution
		Debug|Any CPU = Debug|Any CPU
		Release|Any CPU = Release|Any CPU
	EndGlobalSection
	GlobalSection(ProjectConfigurationPlatforms) = postSolution
		{7D0D92E0-A44E-4B5C-82D7-2DF8DB4AA872}.Debug|Any CPU.ActiveCfg = Debug|Any CPU
		{7D0D92E0-A44E-4B5C-82D7-2DF8DB4AA872}.Debug|Any CPU.Build.0 = Debug|Any CPU
		{7D0D92E0-A44E-4B5C-82D7-2DF8DB4AA872}.Release|Any CPU.ActiveCfg = Release|Any CPU
		{7D0D92E0-A44E-4B5C-82D7-2DF8DB4AA872}.Release|Any CPU.Build.0 = Release|Any CPU
	EndGlobalSection
	GlobalSection(SolutionProperties) = preSolution
		HideSolutionNode = FALSE
	EndGlobalSection
	GlobalSection(ExtensibilityGlobals) = postSolution
		SolutionGuid = {6D020059-991F-4571-A5D6-BEBBA60C435F}
	EndGlobalSection
EndGlobal
