
Microsoft Visual Studio Solution File, Format Version 12.00
# Visual Studio Version 18
VisualStudioVersion = 18.2.11415.280 d18.0
MinimumVisualStudioVersion = 10.0.40219.1
Project("{9A19103F-16F7-4668-BE54-9A1E7A4F7556}") = "Ion", "Ion\Ion.csproj", "{7D0D92E0-A44E-4B5C-82D7-2DF8DB4AA872}"
EndProject
Project("{9A19103F-16F7-4668-BE54-9A1E7A4F7556}") = "Ion.ConsoleTest", "Ion.ConsoleTest\Ion.ConsoleTest.csproj", "{0A96F8B3-F17E-4B08-8FBF-A4D0F6B0C317}"
EndProject
Global
	GlobalSection(SolutionConfigurationPlatforms) = preSolution
		Debug|x64 = Debug|x64
		Release|x64 = Release|x64
	EndGlobalSection
	GlobalSection(ProjectConfigurationPlatforms) = postSolution
		{7D0D92E0-A44E-4B5C-82D7-2DF8DB4AA872}.Debug|x64.ActiveCfg = Debug|x64
		{7D0D92E0-A44E-4B5C-82D7-2DF8DB4AA872}.Debug|x64.Build.0 = Debug|x64
		{7D0D92E0-A44E-4B5C-82D7-2DF8DB4AA872}.Release|x64.ActiveCfg = Release|x64
		{7D0D92E0-A44E-4B5C-82D7-2DF8DB4AA872}.Release|x64.Build.0 = Release|x64
		{0A96F8B3-F17E-4B08-8FBF-A4D0F6B0C317}.Debug|x64.ActiveCfg = Debug|x64
		{0A96F8B3-F17E-4B08-8FBF-A4D0F6B0C317}.Debug|x64.Build.0 = Debug|x64
		{0A96F8B3-F17E-4B08-8FBF-A4D0F6B0C317}.Release|x64.ActiveCfg = Release|x64
		{0A96F8B3-F17E-4B08-8FBF-A4D0F6B0C317}.Release|x64.Build.0 = Release|x64
	EndGlobalSection
	GlobalSection(SolutionProperties) = preSolution
		HideSolutionNode = FALSE
	EndGlobalSection
	GlobalSection(ExtensibilityGlobals) = postSolution
		SolutionGuid = {6D020059-991F-4571-A5D6-BEBBA60C435F}
	EndGlobalSection
EndGlobal
